
Microsoft Visual Studio Solution File, Format Version 12.00
# Visual Studio Version 17
VisualStudioVersion = 17.11.35327.3
MinimumVisualStudioVersion = 10.0.40219.1
Project("{9A19103F-16F7-4668-BE54-9A1E7A4F7556}") = "CodeFirstASPcore6", "CodeFirstASPcore6.csproj", "{048D02D3-AC9B-49F6-A771-782265924232}"
EndProject
Global
	GlobalSection(SolutionConfigurationPlatforms) = preSolution
		Debug|Any CPU = Debug|Any CPU
		Release|Any CPU = Release|Any CPU
	EndGlobalSection
	GlobalSection(ProjectConfigurationPlatforms) = postSolution
		{048D02D3-AC9B-49F6-A771-782265924232}.Debug|Any CPU.ActiveCfg = Debug|Any CPU
		{048D02D3-AC9B-49F6-A771-782265924232}.Debug|Any CPU.Build.0 = Debug|Any CPU
		{048D02D3-AC9B-49F6-A771-782265924232}.Release|Any CPU.ActiveCfg = Release|Any CPU
		{048D02D3-AC9B-49F6-A771-782265924232}.Release|Any CPU.Build.0 = Release|Any CPU
	EndGlobalSection
	GlobalSection(SolutionProperties) = preSolution
		HideSolutionNode = FALSE
	EndGlobalSection
	GlobalSection(ExtensibilityGlobals) = postSolution
		SolutionGuid = {FF16BA9C-CACA-4D2F-98B3-E58C4D16E7D7}
	EndGlobalSection
EndGlobal
